// !$*UTF8*$!
{
	archiveVersion = 1;
	classes = {
	};
	objectVersion = 46;
	objects = {

/* Begin PBXBuildFile section */
		0F2880341B84BB4300CC7091 /* C2E2ECFA02295635822CC3BE760DBE7B.png in Resources */ = {isa = PBXBuildFile; fileRef = 0F2880331B84BB4300CC7091 /* C2E2ECFA02295635822CC3BE760DBE7B.png */; };
		0F6A15F81B81CA7D00DA3925 /* WliuHeadPortraitImageView.swift in Sources */ = {isa = PBXBuildFile; fileRef = 0F6A15F71B81CA7D00DA3925 /* WliuHeadPortraitImageView.swift */; };
		0F95BE4D1B81AFED00B62047 /* AppDelegate.swift in Sources */ = {isa = PBXBuildFile; fileRef = 0F95BE4C1B81AFED00B62047 /* AppDelegate.swift */; };
		0F95BE4F1B81AFED00B62047 /* ViewController.swift in Sources */ = {isa = PBXBuildFile; fileRef = 0F95BE4E1B81AFED00B62047 /* ViewController.swift */; };
		0F95BE521B81AFED00B62047 /* Main.storyboard in Resources */ = {isa = PBXBuildFile; fileRef = 0F95BE501B81AFED00B62047 /* Main.storyboard */; };
		0F95BE541B81AFED00B62047 /* Images.xcassets in Resources */ = {isa = PBXBuildFile; fileRef = 0F95BE531B81AFED00B62047 /* Images.xcassets */; };
		0F95BE571B81AFED00B62047 /* LaunchScreen.xib in Resources */ = {isa = PBXBuildFile; fileRef = 0F95BE551B81AFED00B62047 /* LaunchScreen.xib */; };
		0F95BE631B81AFED00B62047 /* RoundHeadPortrait_swiftTests.swift in Sources */ = {isa = PBXBuildFile; fileRef = 0F95BE621B81AFED00B62047 /* RoundHeadPortrait_swiftTests.swift */; };
/* End PBXBuildFile section */

/* Begin PBXContainerItemProxy section */
		0F95BE5D1B81AFED00B62047 /* PBXContainerItemProxy */ = {
			isa = PBXContainerItemProxy;
			containerPortal = 0F95BE3F1B81AFED00B62047 /* Project object */;
			proxyType = 1;
			remoteGlobalIDString = 0F95BE461B81AFED00B62047;
			remoteInfo = RoundHeadPortrait_swift;
		};
/* End PBXContainerItemProxy section */

/* Begin PBXFileReference section */
		0F2880331B84BB4300CC7091 /* C2E2ECFA02295635822CC3BE760DBE7B.png */ = {isa = PBXFileReference; lastKnownFileType = image.png; path = C2E2ECFA02295635822CC3BE760DBE7B.png; sourceTree = "<group>"; };
		0F6A15F71B81CA7D00DA3925 /* WliuHeadPortraitImageView.swift */ = {isa = PBXFileReference; fileEncoding = 4; lastKnownFileType = sourcecode.swift; path = WliuHeadPortraitImageView.swift; sourceTree = "<group>"; };
		0F95BE471B81AFED00B62047 /* RoundHeadPortrait_swift.app */ = {isa = PBXFileReference; explicitFileType = wrapper.application; includeInIndex = 0; path = RoundHeadPortrait_swift.app; sourceTree = BUILT_PRODUCTS_DIR; };
		0F95BE4B1B81AFED00B62047 /* Info.plist */ = {isa = PBXFileReference; lastKnownFileType = text.plist.xml; path = Info.plist; sourceTree = "<group>"; };
		0F95BE4C1B81AFED00B62047 /* AppDelegate.swift */ = {isa = PBXFileReference; lastKnownFileType = sourcecode.swift; path = AppDelegate.swift; sourceTree = "<group>"; };
		0F95BE4E1B81AFED00B62047 /* ViewController.swift */ = {isa = PBXFileReference; lastKnownFileType = sourcecode.swift; path = ViewController.swift; sourceTree = "<group>"; };
		0F95BE511B81AFED00B62047 /* Base */ = {isa = PBXFileReference; lastKnownFileType = file.storyboard; name = Base; path = Base.lproj/Main.storyboard; sourceTree = "<group>"; };
		0F95BE531B81AFED00B62047 /* Images.xcassets */ = {isa = PBXFileReference; lastKnownFileType = folder.assetcatalog; path = Images.xcassets; sourceTree = "<group>"; };
		0F95BE561B81AFED00B62047 /* Base */ = {isa = PBXFileReference; lastKnownFileType = file.xib; name = Base; path = Base.lproj/LaunchScreen.xib; sourceTree = "<group>"; };
		0F95BE5C1B81AFED00B62047 /* RoundHeadPortrait_swiftTests.xctest */ = {isa = PBXFileReference; explicitFileType = wrapper.cfbundle; includeInIndex = 0; path = RoundHeadPortrait_swiftTests.xctest; sourceTree = BUILT_PRODUCTS_DIR; };
		0F95BE611B81AFED00B62047 /* Info.plist */ = {isa = PBXFileReference; lastKnownFileType = text.plist.xml; path = Info.plist; sourceTree = "<group>"; };
		0F95BE621B81AFED00B62047 /* RoundHeadPortrait_swiftTests.swift */ = {isa = PBXFileReference; lastKnownFileType = sourcecode.swift; path = RoundHeadPortrait_swiftTests.swift; sourceTree = "<group>"; };
/* End PBXFileReference section */

/* Begin PBXFrameworksBuildPhase section */
		0F95BE441B81AFED00B62047 /* Frameworks */ = {
			isa = PBXFrameworksBuildPhase;
			buildActionMask = 2147483647;
			files = (
			);
			runOnlyForDeploymentPostprocessing = 0;
		};
		0F95BE591B81AFED00B62047 /* Frameworks */ = {
			isa = PBXFrameworksBuildPhase;
			buildActionMask = 2147483647;
			files = (
			);
			runOnlyForDeploymentPostprocessing = 0;
		};
/* End PBXFrameworksBuildPhase section */

/* Begin PBXGroup section */
		0F6A15F41B81CA4700DA3925 /* WliuHeadPortraitImageView */ = {
			isa = PBXGroup;
			children = (
				0F6A15F71B81CA7D00DA3925 /* WliuHeadPortraitImageView.swift */,
			);
			path = WliuHeadPortraitImageView;
			sourceTree = "<group>";
		};
		0F95BE3E1B81AFED00B62047 = {
			isa = PBXGroup;
			children = (
				0F2880331B84BB4300CC7091 /* C2E2ECFA02295635822CC3BE760DBE7B.png */,
				0F95BE491B81AFED00B62047 /* RoundHeadPortrait_swift */,
				0F95BE5F1B81AFED00B62047 /* RoundHeadPortrait_swiftTests */,
				0F95BE481B81AFED00B62047 /* Products */,
			);
			sourceTree = "<group>";
		};
		0F95BE481B81AFED00B62047 /* Products */ = {
			isa = PBXGroup;
			children = (
				0F95BE471B81AFED00B62047 /* RoundHeadPortrait_swift.app */,
				0F95BE5C1B81AFED00B62047 /* RoundHeadPortrait_swiftTests.xctest */,
			);
			name = Products;
			sourceTree = "<group>";
		};
		0F95BE491B81AFED00B62047 /* RoundHeadPortrait_swift */ = {
			isa = PBXGroup;
			children = (
				0F95BE4C1B81AFED00B62047 /* AppDelegate.swift */,
				0F95BE4E1B81AFED00B62047 /* ViewController.swift */,
				0F6A15F41B81CA4700DA3925 /* WliuHeadPortraitImageView */,
				0F95BE501B81AFED00B62047 /* Main.storyboard */,
				0F95BE531B81AFED00B62047 /* Images.xcassets */,
				0F95BE551B81AFED00B62047 /* LaunchScreen.xib */,
				0F95BE4A1B81AFED00B62047 /* Supporting Files */,
			);
			path = RoundHeadPortrait_swift;
			sourceTree = "<group>";
		};
		0F95BE4A1B81AFED00B62047 /* Supporting Files */ = {
			isa = PBXGroup;
			children = (
				0F95BE4B1B81AFED00B62047 /* Info.plist */,
			);
			name = "Supporting Files";
			sourceTree = "<group>";
		};
		0F95BE5F1B81AFED00B62047 /* RoundHeadPortrait_swiftTests */ = {
			isa = PBXGroup;
			children = (
				0F95BE621B81AFED00B62047 /* RoundHeadPortrait_swiftTests.swift */,
				0F95BE601B81AFED00B62047 /* Supporting Files */,
			);
			path = RoundHeadPortrait_swiftTests;
			sourceTree = "<group>";
		};
		0F95BE601B81AFED00B62047 /* Supporting Files */ = {
			isa = PBXGroup;
			children = (
				0F95BE611B81AFED00B62047 /* Info.plist */,
			);
			name = "Supporting Files";
			sourceTree = "<group>";
		};
/* End PBXGroup section */

/* Begin PBXNativeTarget section */
		0F95BE461B81AFED00B62047 /* RoundHeadPortrait_swift */ = {
			isa = PBXNativeTarget;
			buildConfigurationList = 0F95BE661B81AFED00B62047 /* Build configuration list for PBXNativeTarget "RoundHeadPortrait_swift" */;
			buildPhases = (
				0F95BE431B81AFED00B62047 /* Sources */,
				0F95BE441B81AFED00B62047 /* Frameworks */,
				0F95BE451B81AFED00B62047 /* Resources */,
			);
			buildRules = (
			);
			dependencies = (
			);
			name = RoundHeadPortrait_swift;
			productName = RoundHeadPortrait_swift;
			productReference = 0F95BE471B81AFED00B62047 /* RoundHeadPortrait_swift.app */;
			productType = "com.apple.product-type.application";
		};
		0F95BE5B1B81AFED00B62047 /* RoundHeadPortrait_swiftTests */ = {
			isa = PBXNativeTarget;
			buildConfigurationList = 0F95BE691B81AFED00B62047 /* Build configuration list for PBXNativeTarget "RoundHeadPortrait_swiftTests" */;
			buildPhases = (
				0F95BE581B81AFED00B62047 /* Sources */,
				0F95BE591B81AFED00B62047 /* Frameworks */,
				0F95BE5A1B81AFED00B62047 /* Resources */,
			);
			buildRules = (
			);
			dependencies = (
				0F95BE5E1B81AFED00B62047 /* PBXTargetDependency */,
			);
			name = RoundHeadPortrait_swiftTests;
			productName = RoundHeadPortrait_swiftTests;
			productReference = 0F95BE5C1B81AFED00B62047 /* RoundHeadPortrait_swiftTests.xctest */;
			productType = "com.apple.product-type.bundle.unit-test";
		};
/* End PBXNativeTarget section */

/* Begin PBXProject section */
		0F95BE3F1B81AFED00B62047 /* Project object */ = {
			isa = PBXProject;
			attributes = {
				LastUpgradeCheck = 0630;
				ORGANIZATIONNAME = w66;
				TargetAttributes = {
					0F95BE461B81AFED00B62047 = {
						CreatedOnToolsVersion = 6.3;
					};
					0F95BE5B1B81AFED00B62047 = {
						CreatedOnToolsVersion = 6.3;
						TestTargetID = 0F95BE461B81AFED00B62047;
					};
				};
			};
			buildConfigurationList = 0F95BE421B81AFED00B62047 /* Build configuration list for PBXProject "RoundHeadPortrait_swift" */;
			compatibilityVersion = "Xcode 3.2";
			developmentRegion = English;
			hasScannedForEncodings = 0;
			knownRegions = (
				en,
				Base,
			);
			mainGroup = 0F95BE3E1B81AFED00B62047;
			productRefGroup = 0F95BE481B81AFED00B62047 /* Products */;
			projectDirPath = "";
			projectRoot = "";
			targets = (
				0F95BE461B81AFED00B62047 /* RoundHeadPortrait_swift */,
				0F95BE5B1B81AFED00B62047 /* RoundHeadPortrait_swiftTests */,
			);
		};
/* End PBXProject section */

/* Begin PBXResourcesBuildPhase section */
		0F95BE451B81AFED00B62047 /* Resources */ = {
			isa = PBXResourcesBuildPhase;
			buildActionMask = 2147483647;
			files = (
				0F95BE521B81AFED00B62047 /* Main.storyboard in Resources */,
				0F95BE571B81AFED00B62047 /* LaunchScreen.xib in Resources */,
				0F95BE541B81AFED00B62047 /* Images.xcassets in Resources */,
				0F2880341B84BB4300CC7091 /* C2E2ECFA02295635822CC3BE760DBE7B.png in Resources */,
			);
			runOnlyForDeploymentPostprocessing = 0;
		};
		0F95BE5A1B81AFED00B62047 /* Resources */ = {
			isa = PBXResourcesBuildPhase;
			buildActionMask = 2147483647;
			files = (
			);
			runOnlyForDeploymentPostprocessing = 0;
		};
/* End PBXResourcesBuildPhase section */

/* Begin PBXSourcesBuildPhase section */
		0F95BE431B81AFED00B62047 /* Sources */ = {
			isa = PBXSourcesBuildPhase;
			buildActionMask = 2147483647;
			files = (
				0F95BE4F1B81AFED00B62047 /* ViewController.swift in Sources */,
				0F6A15F81B81CA7D00DA3925 /* WliuHeadPortraitImageView.swift in Sources */,
				0F95BE4D1B81AFED00B62047 /* AppDelegate.swift in Sources */,
			);
			runOnlyForDeploymentPostprocessing = 0;
		};
		0F95BE581B81AFED00B62047 /* Sources */ = {
			isa = PBXSourcesBuildPhase;
			buildActionMask = 2147483647;
			files = (
				0F95BE631B81AFED00B62047 /* RoundHeadPortrait_swiftTests.swift in Sources */,
			);
			runOnlyForDeploymentPostprocessing = 0;
		};
/* End PBXSourcesBuildPhase section */

/* Begin PBXTargetDependency section */
		0F95BE5E1B81AFED00B62047 /* PBXTargetDependency */ = {
			isa = PBXTargetDependency;
			target = 0F95BE461B81AFED00B62047 /* RoundHeadPortrait_swift */;
			targetProxy = 0F95BE5D1B81AFED00B62047 /* PBXContainerItemProxy */;
		};
/* End PBXTargetDependency section */

/* Begin PBXVariantGroup section */
		0F95BE501B81AFED00B62047 /* Main.storyboard */ = {
			isa = PBXVariantGroup;
			children = (
				0F95BE511B81AFED00B62047 /* Base */,
			);
			name = Main.storyboard;
			sourceTree = "<group>";
		};
		0F95BE551B81AFED00B62047 /* LaunchScreen.xib */ = {
			isa = PBXVariantGroup;
			children = (
				0F95BE561B81AFED00B62047 /* Base */,
			);
			name = LaunchScreen.xib;
			sourceTree = "<group>";
		};
/* End PBXVariantGroup section */

/* Begin XCBuildConfiguration section */
		0F95BE641B81AFED00B62047 /* Debug */ = {
			isa = XCBuildConfiguration;
			buildSettings = {
				ALWAYS_SEARCH_USER_PATHS = NO;
				CLANG_CXX_LANGUAGE_STANDARD = "gnu++0x";
				CLANG_CXX_LIBRARY = "libc++";
				CLANG_ENABLE_MODULES = YES;
				CLANG_ENABLE_OBJC_ARC = YES;
				CLANG_WARN_BOOL_CONVERSION = YES;
				CLANG_WARN_CONSTANT_CONVERSION = YES;
				CLANG_WARN_DIRECT_OBJC_ISA_USAGE = YES_ERROR;
				CLANG_WARN_EMPTY_BODY = YES;
				CLANG_WARN_ENUM_CONVERSION = YES;
				CLANG_WARN_INT_CONVERSION = YES;
				CLANG_WARN_OBJC_ROOT_CLASS = YES_ERROR;
				CLANG_WARN_UNREACHABLE_CODE = YES;
				CLANG_WARN__DUPLICATE_METHOD_MATCH = YES;
				"CODE_SIGN_IDENTITY[sdk=iphoneos*]" = "iPhone Developer";
				COPY_PHASE_STRIP = NO;
				DEBUG_INFORMATION_FORMAT = "dwarf-with-dsym";
				ENABLE_STRICT_OBJC_MSGSEND = YES;
				GCC_C_LANGUAGE_STANDARD = gnu99;
				GCC_DYNAMIC_NO_PIC = NO;
				GCC_NO_COMMON_BLOCKS = YES;
				GCC_OPTIMIZATION_LEVEL = 0;
				GCC_PREPROCESSOR_DEFINITIONS = (
					"DEBUG=1",
					"$(inherited)",
				);
				GCC_SYMBOLS_PRIVATE_EXTERN = NO;
				GCC_WARN_64_TO_32_BIT_CONVERSION = YES;
				GCC_WARN_ABOUT_RETURN_TYPE = YES_ERROR;
				GCC_WARN_UNDECLARED_SELECTOR = YES;
				GCC_WARN_UNINITIALIZED_AUTOS = YES_AGGRESSIVE;
				GCC_WARN_UNUSED_FUNCTION = YES;
				GCC_WARN_UNUSED_VARIABLE = YES;
				IPHONEOS_DEPLOYMENT_TARGET = 8.3;
				MTL_ENABLE_DEBUG_INFO = YES;
				ONLY_ACTIVE_ARCH = YES;
				SDKROOT = iphoneos;
				SWIFT_OPTIMIZATION_LEVEL = "-Onone";
				TARGETED_DEVICE_FAMILY = "1,2";
			};
			name = Debug;
		};
		0F95BE651B81AFED00B62047 /* Release */ = {
			isa = XCBuildConfiguration;
			buildSettings = {
				ALWAYS_SEARCH_USER_PATHS = NO;
				CLANG_CXX_LANGUAGE_STANDARD = "gnu++0x";
				CLANG_CXX_LIBRARY = "libc++";
				CLANG_ENABLE_MODULES = YES;
				CLANG_ENABLE_OBJC_ARC = YES;
				CLANG_WARN_BOOL_CONVERSION = YES;
				CLANG_WARN_CONSTANT_CONVERSION = YES;
				CLANG_WARN_DIRECT_OBJC_ISA_USAGE = YES_ERROR;
				CLANG_WARN_EMPTY_BODY = YES;
				CLANG_WARN_ENUM_CONVERSION = YES;
				CLANG_WARN_INT_CONVERSION = YES;
				CLANG_WARN_OBJC_ROOT_CLASS = YES_ERROR;
				CLANG_WARN_UNREACHABLE_CODE = YES;
				CLANG_WARN__DUPLICATE_METHOD_MATCH = YES;
				"CODE_SIGN_IDENTITY[sdk=iphoneos*]" = "iPhone Developer";
				COPY_PHASE_STRIP = NO;
				DEBUG_INFORMATION_FORMAT = "dwarf-with-dsym";
				ENABLE_NS_ASSERTIONS = NO;
				ENABLE_STRICT_OBJC_MSGSEND = YES;
				GCC_C_LANGUAGE_STANDARD = gnu99;
				GCC_NO_COMMON_BLOCKS = YES;
				GCC_WARN_64_TO_32_BIT_CONVERSION = YES;
				GCC_WARN_ABOUT_RETURN_TYPE = YES_ERROR;
				GCC_WARN_UNDECLARED_SELECTOR = YES;
				GCC_WARN_UNINITIALIZED_AUTOS = YES_AGGRESSIVE;
				GCC_WARN_UNUSED_FUNCTION = YES;
				GCC_WARN_UNUSED_VARIABLE = YES;
				IPHONEOS_DEPLOYMENT_TARGET = 8.3;
				MTL_ENABLE_DEBUG_INFO = NO;
				SDKROOT = iphoneos;
				TARGETED_DEVICE_FAMILY = "1,2";
				VALIDATE_PRODUCT = YES;
			};
			name = Release;
		};
		0F95BE671B81AFED00B62047 /* Debug */ = {
			isa = XCBuildConfiguration;
			buildSettings = {
				ASSETCATALOG_COMPILER_APPICON_NAME = AppIcon;
				INFOPLIST_FILE = RoundHeadPortrait_swift/Info.plist;
				LD_RUNPATH_SEARCH_PATHS = "$(inherited) @executable_path/Frameworks";
				PRODUCT_NAME = "$(TARGET_NAME)";
			};
			name = Debug;
		};
		0F95BE681B81AFED00B62047 /* Release */ = {
			isa = XCBuildConfiguration;
			buildSettings = {
				ASSETCATALOG_COMPILER_APPICON_NAME = AppIcon;
				INFOPLIST_FILE = RoundHeadPortrait_swift/Info.plist;
				LD_RUNPATH_SEARCH_PATHS = "$(inherited) @executable_path/Frameworks";
				PRODUCT_NAME = "$(TARGET_NAME)";
			};
			name = Release;
		};
		0F95BE6A1B81AFED00B62047 /* Debug */ = {
			isa = XCBuildConfiguration;
			buildSettings = {
				BUNDLE_LOADER = "$(TEST_HOST)";
				FRAMEWORK_SEARCH_PATHS = (
					"$(SDKROOT)/Developer/Library/Frameworks",
					"$(inherited)",
				);
				GCC_PREPROCESSOR_DEFINITIONS = (
					"DEBUG=1",
					"$(inherited)",
				);
				INFOPLIST_FILE = RoundHeadPortrait_swiftTests/Info.plist;
				LD_RUNPATH_SEARCH_PATHS = "$(inherited) @executable_path/Frameworks @loader_path/Frameworks";
				PRODUCT_NAME = "$(TARGET_NAME)";
				TEST_HOST = "$(BUILT_PRODUCTS_DIR)/RoundHeadPortrait_swift.app/RoundHeadPortrait_swift";
			};
			name = Debug;
		};
		0F95BE6B1B81AFED00B62047 /* Release */ = {
			isa = XCBuildConfiguration;
			buildSettings = {
				BUNDLE_LOADER = "$(TEST_HOST)";
				FRAMEWORK_SEARCH_PATHS = (
					"$(SDKROOT)/Developer/Library/Frameworks",
					"$(inherited)",
				);
				INFOPLIST_FILE = RoundHeadPortrait_swiftTests/Info.plist;
				LD_RUNPATH_SEARCH_PATHS = "$(inherited) @executable_path/Frameworks @loader_path/Frameworks";
				PRODUCT_NAME = "$(TARGET_NAME)";
				TEST_HOST = "$(BUILT_PRODUCTS_DIR)/RoundHeadPortrait_swift.app/RoundHeadPortrait_swift";
			};
			name = Release;
		};
/* End XCBuildConfiguration section */

/* Begin XCConfigurationList section */
		0F95BE421B81AFED00B62047 /* Build configuration list for PBXProject "RoundHeadPortrait_swift" */ = {
			isa = XCConfigurationList;
			buildConfigurations = (
				0F95BE641B81AFED00B62047 /* Debug */,
				0F95BE651B81AFED00B62047 /* Release */,
			);
			defaultConfigurationIsVisible = 0;
			defaultConfigurationName = Release;
		};
		0F95BE661B81AFED00B62047 /* Build configuration list for PBXNativeTarget "RoundHeadPortrait_swift" */ = {
			isa = XCConfigurationList;
			buildConfigurations = (
				0F95BE671B81AFED00B62047 /* Debug */,
				0F95BE681B81AFED00B62047 /* Release */,
			);
			defaultConfigurationIsVisible = 0;
			defaultConfigurationName = Release;
		};
		0F95BE691B81AFED00B62047 /* Build configuration list for PBXNativeTarget "RoundHeadPortrait_swiftTests" */ = {
			isa = XCConfigurationList;
			buildConfigurations = (
				0F95BE6A1B81AFED00B62047 /* Debug */,
				0F95BE6B1B81AFED00B62047 /* Release */,
			);
			defaultConfigurationIsVisible = 0;
			defaultConfigurationName = Release;
		};
/* End XCConfigurationList section */
	};
	rootObject = 0F95BE3F1B81AFED00B62047 /* Project object */;
}
